
Microsoft Visual Studio Solution File, Format Version 12.00
# Visual Studio Version 17
VisualStudioVersion = 17.11.35303.130
MinimumVisualStudioVersion = 10.0.40219.1
Project("{9A19103F-16F7-4668-BE54-9A1E7A4F7556}") = "ServerCore", "ServerCore\ServerCore.csproj", "{D59FBCC3-D1D1-4290-938B-9D55E206F3EA}"
EndProject
Project("{9A19103F-16F7-4668-BE54-9A1E7A4F7556}") = "ServerContents", "ServerContents\ServerContents.csproj", "{AE3113E8-89CA-486C-AB54-202B166AA00E}"
EndProject
Project("{9A19103F-16F7-4668-BE54-9A1E7A4F7556}") = "DummyClient", "DummyClient\DummyClient.csproj", "{2A7C627F-E987-4731-9DB8-9B4BA269ACA2}"
EndProject
Project("{FAE04EC0-301F-11D3-BF4B-00C04F79EFBC}") = "PacketGenerator", "PacketGenerator\PacketGenerator.csproj", "{51380CCE-CD20-407F-9446-0FA6BB56ED2D}"
EndProject
Global
	GlobalSection(SolutionConfigurationPlatforms) = preSolution
		Debug|Any CPU = Debug|Any CPU
		Release|Any CPU = Release|Any CPU
	EndGlobalSection
	GlobalSection(ProjectConfigurationPlatforms) = postSolution
		{D59FBCC3-D1D1-4290-938B-9D55E206F3EA}.Debug|Any CPU.ActiveCfg = Debug|Any CPU
		{D59FBCC3-D1D1-4290-938B-9D55E206F3EA}.Debug|Any CPU.Build.0 = Debug|Any CPU
		{D59FBCC3-D1D1-4290-938B-9D55E206F3EA}.Release|Any CPU.ActiveCfg = Release|Any CPU
		{D59FBCC3-D1D1-4290-938B-9D55E206F3EA}.Release|Any CPU.Build.0 = Release|Any CPU
		{AE3113E8-89CA-486C-AB54-202B166AA00E}.Debug|Any CPU.ActiveCfg = Debug|Any CPU
		{AE3113E8-89CA-486C-AB54-202B166AA00E}.Debug|Any CPU.Build.0 = Debug|Any CPU
		{AE3113E8-89CA-486C-AB54-202B166AA00E}.Release|Any CPU.ActiveCfg = Release|Any CPU
		{AE3113E8-89CA-486C-AB54-202B166AA00E}.Release|Any CPU.Build.0 = Release|Any CPU
		{2A7C627F-E987-4731-9DB8-9B4BA269ACA2}.Debug|Any CPU.ActiveCfg = Debug|Any CPU
		{2A7C627F-E987-4731-9DB8-9B4BA269ACA2}.Debug|Any CPU.Build.0 = Debug|Any CPU
		{2A7C627F-E987-4731-9DB8-9B4BA269ACA2}.Release|Any CPU.ActiveCfg = Release|Any CPU
		{2A7C627F-E987-4731-9DB8-9B4BA269ACA2}.Release|Any CPU.Build.0 = Release|Any CPU
		{51380CCE-CD20-407F-9446-0FA6BB56ED2D}.Debug|Any CPU.ActiveCfg = Debug|Any CPU
		{51380CCE-CD20-407F-9446-0FA6BB56ED2D}.Debug|Any CPU.Build.0 = Debug|Any CPU
		{51380CCE-CD20-407F-9446-0FA6BB56ED2D}.Release|Any CPU.ActiveCfg = Release|Any CPU
		{51380CCE-CD20-407F-9446-0FA6BB56ED2D}.Release|Any CPU.Build.0 = Release|Any CPU
	EndGlobalSection
	GlobalSection(SolutionProperties) = preSolution
		HideSolutionNode = FALSE
	EndGlobalSection
	GlobalSection(ExtensibilityGlobals) = postSolution
		SolutionGuid = {8F34BEE3-F102-4DFA-ABF9-C6155096926C}
	EndGlobalSection
EndGlobal
